PODS:
  - GPUImage (0.1.7)
  - IJKMediaFramework (0.8.9)
  - libyuv-iOS (1.0.2)
  - Masonry (1.1.0)
  - MBProgressHUD (1.2.0)

DEPENDENCIES:
  - GPUImage
  - IJKMediaFramework (from `https://github.com/debugly/ijkplayer/releases/download/k0.8.9/IJKMediaFramework.spec.json`)
  - libyuv-iOS (~> 1.0.2)
  - Masonry
  - MBProgressHUD

SPEC REPOS:
  trunk:
    - GPUImage
    - libyuv-iOS
    - Masonry
    - MBProgressHUD

EXTERNAL SOURCES:
  IJKMediaFramework:
    :podspec: https://github.com/debugly/ijkplayer/releases/download/k0.8.9/IJKMediaFramework.spec.json

SPEC CHECKSUMS:
  GPUImage: 733a5f0fab92df9de1c37ba9df520a833ccb406d
  IJKMediaFramework: aa80bbca8d5443171b2c4d5cc025cc013b2172e3
  libyuv-iOS: 5a154ccc84ec754029886ecb607512731fe30640
  Masonry: 678fab65091a9290e40e2832a55e7ab731aad201
  MBProgressHUD: 3ee5efcc380f6a79a7cc9b363dd669c5e1ae7406

PODFILE CHECKSUM: c159cd4060911ea946cae5623f76bbdb1abfc53d

COCOAPODS: 1.16.2
